
Microsoft Visual Studio Solution File, Format Version 12.00
# Visual Studio Version 17
VisualStudioVersion = 17.14.36327.8 d17.14
MinimumVisualStudioVersion = 10.0.40219.1
Project("{FAE04EC0-301F-11D3-BF4B-00C04F79EFBC}") = "WebAPI Repository Pattern", "WebAPI Repository Pattern.csproj", "{0B59A27C-1115-4B55-9061-DBF81DCB1201}"
EndProject
Project("{FAE04EC0-301F-11D3-BF4B-00C04F79EFBC}") = "WebAPI.Repository", "..\WebAPI.Repository\WebAPI.Repository.csproj", "{F82E0B23-3E48-4F0D-BD78-27A43EFC90FE}"
EndProject
Project("{FAE04EC0-301F-11D3-BF4B-00C04F79EFBC}") = "WebAPI.Tests", "..\WebAPI.Tests\WebAPI.Tests.csproj", "{83814752-1EF5-4948-81E4-D115E3033CA6}"
EndProject
Global
	GlobalSection(SolutionConfigurationPlatforms) = preSolution
		Debug|Any CPU = Debug|Any CPU
		Release|Any CPU = Release|Any CPU
	EndGlobalSection
	GlobalSection(ProjectConfigurationPlatforms) = postSolution
		{0B59A27C-1115-4B55-9061-DBF81DCB1201}.Debug|Any CPU.ActiveCfg = Debug|Any CPU
		{0B59A27C-1115-4B55-9061-DBF81DCB1201}.Debug|Any CPU.Build.0 = Debug|Any CPU
		{0B59A27C-1115-4B55-9061-DBF81DCB1201}.Release|Any CPU.ActiveCfg = Release|Any CPU
		{0B59A27C-1115-4B55-9061-DBF81DCB1201}.Release|Any CPU.Build.0 = Release|Any CPU
		{F82E0B23-3E48-4F0D-BD78-27A43EFC90FE}.Debug|Any CPU.ActiveCfg = Debug|Any CPU
		{F82E0B23-3E48-4F0D-BD78-27A43EFC90FE}.Debug|Any CPU.Build.0 = Debug|Any CPU
		{F82E0B23-3E48-4F0D-BD78-27A43EFC90FE}.Release|Any CPU.ActiveCfg = Release|Any CPU
		{F82E0B23-3E48-4F0D-BD78-27A43EFC90FE}.Release|Any CPU.Build.0 = Release|Any CPU
		{83814752-1EF5-4948-81E4-D115E3033CA6}.Debug|Any CPU.ActiveCfg = Debug|Any CPU
		{83814752-1EF5-4948-81E4-D115E3033CA6}.Debug|Any CPU.Build.0 = Debug|Any CPU
		{83814752-1EF5-4948-81E4-D115E3033CA6}.Release|Any CPU.ActiveCfg = Release|Any CPU
		{83814752-1EF5-4948-81E4-D115E3033CA6}.Release|Any CPU.Build.0 = Release|Any CPU
	EndGlobalSection
	GlobalSection(SolutionProperties) = preSolution
		HideSolutionNode = FALSE
	EndGlobalSection
	GlobalSection(ExtensibilityGlobals) = postSolution
		SolutionGuid = {565003B2-A6B1-4D63-B9BE-A8692B655691}
	EndGlobalSection
EndGlobal
